
Microsoft Visual Studio Solution File, Format Version 12.00
# Visual Studio Version 17
VisualStudioVersion = 17.5.002.0
MinimumVisualStudioVersion = 10.0.40219.1
Project("{9A19103F-16F7-4668-BE54-9A1E7A4F7556}") = "BlazorWasmNetlify", "BlazorWasmNetlify.csproj", "{17E79DC3-0F18-4A03-8316-F97217F79525}"
EndProject
Global
	GlobalSection(SolutionConfigurationPlatforms) = preSolution
		Debug|Any CPU = Debug|Any CPU
		Release|Any CPU = Release|Any CPU
	EndGlobalSection
	GlobalSection(ProjectConfigurationPlatforms) = postSolution
		{17E79DC3-0F18-4A03-8316-F97217F79525}.Debug|Any CPU.ActiveCfg = Debug|Any CPU
		{17E79DC3-0F18-4A03-8316-F97217F79525}.Debug|Any CPU.Build.0 = Debug|Any CPU
		{17E79DC3-0F18-4A03-8316-F97217F79525}.Release|Any CPU.ActiveCfg = Release|Any CPU
		{17E79DC3-0F18-4A03-8316-F97217F79525}.Release|Any CPU.Build.0 = Release|Any CPU
	EndGlobalSection
	GlobalSection(SolutionProperties) = preSolution
		HideSolutionNode = FALSE
	EndGlobalSection
	GlobalSection(ExtensibilityGlobals) = postSolution
		SolutionGuid = {A6DD7847-8AB6-49CA-92B4-E440DB6AA636}
	EndGlobalSection
EndGlobal
